<?xml version="1.0" encoding="utf-8"?>
<Project ToolsVersion="4.0" xmlns="http://schemas.microsoft.com/developer/msbuild/2003">
  <ItemGroup>
    <Filter Include="Source Files">
      <UniqueIdentifier>{4FC737F1-C7A5-4376-A066-2A32D752A2FF}</UniqueIdentifier>
      <Extensions>cpp;c;cc;cxx;c++;cppm;ixx;def;odl;idl;hpj;bat;asm;asmx</Extensions>
    </Filter>
    <Filter Include="Header Files">
      <UniqueIdentifier>{93995380-89BD-4b04-88EB-625FBE52EBFB}</UniqueIdentifier>
      <Extensions>h;hh;hpp;hxx;h++;hm;inl;inc;ipp;xsd</Extensions>
    </Filter>
    <Filter Include="Resource Files">
      <UniqueIdentifier>{67DA6AB6-F800-4c08-8B7A-83BB121AAD01}</UniqueIdentifier>
      <Extensions>rc;ico;cur;bmp;dlg;rc2;rct;bin;rgs;gif;jpg;jpeg;jpe;resx;tiff;tif;png;wav;mfcribbon-ms</Extensions>
    </Filter>
    <Filter Include="Source Files\Game">
      <UniqueIdentifier>{01116007-150a-42f8-9c02-3873326f1d93}</UniqueIdentifier>
    </Filter>
    <Filter Include="Source Files\Game\GameObjects">
      <UniqueIdentifier>{0628fd96-7a8b-4de0-acad-837f432d61e8}</UniqueIdentifier>
    </Filter>
    <Filter Include="Header Files\Game">
      <UniqueIdentifier>{44028ed2-788f-4749-838d-ea23208d09ed}</UniqueIdentifier>
    </Filter>
    <Filter Include="Header Files\Game\GameObjects">
      <UniqueIdentifier>{4db92c09-ace7-4405-a750-2d1388819e45}</UniqueIdentifier>
    </Filter>
    <Filter Include="Header Files\Game\GameObjects\Screens">
      <UniqueIdentifier>{3b5689c4-1556-41a0-8bf5-965b1f7a5c0f}</UniqueIdentifier>
    </Filter>
    <Filter Include="Header Files\Game\GameObjects\Items">
      <UniqueIdentifier>{6ab8192c-a579-4f62-91bf-79ef1766d208}</UniqueIdentifier>
    </Filter>
    <Filter Include="Header Files\Game\GameObjects\InteractiveObjects">
      <UniqueIdentifier>{b14eed82-6583-4a8f-98e2-d62df639b6f1}</UniqueIdentifier>
    </Filter>
    <Filter Include="Source Files\Game\GameObjects\Items">
      <UniqueIdentifier>{71478629-33f4-472f-a4e8-645de4090b88}</UniqueIdentifier>
    </Filter>
    <Filter Include="Source Files\Game\GameObjects\InteractiveObjects">
      <UniqueIdentifier>{350a4325-2c80-4e7f-a257-0579c1dc358c}</UniqueIdentifier>
    </Filter>
    <Filter Include="Source Files\Game\GameObjects\Screens">
      <UniqueIdentifier>{bce5fe94-55bc-467c-8baa-5265728efc7b}</UniqueIdentifier>
    </Filter>
    <Filter Include="Header Files\XMLParser">
      <UniqueIdentifier>{9ccfb478-9f35-4d96-849d-c877a0f982f1}</UniqueIdentifier>
    </Filter>
    <Filter Include="Source Files\XMLParser">
      <UniqueIdentifier>{5d2ec776-f080-497e-b7f7-0315870065ef}</UniqueIdentifier>
    </Filter>
    <Filter Include="Source Files\Game\Creation">
      <UniqueIdentifier>{fe1450a4-8e4f-46dd-b58a-132dab0be7d3}</UniqueIdentifier>
    </Filter>
    <Filter Include="Header Files\Game\Creation">
      <UniqueIdentifier>{cd0676a7-3ab0-48db-a993-e80460649379}</UniqueIdentifier>
    </Filter>
    <Filter Include="Source Files\Game\Scenes">
      <UniqueIdentifier>{30f62b00-95b5-475b-a084-d6416c7f2d44}</UniqueIdentifier>
    </Filter>
    <Filter Include="Header Files\Game\Scenes">
      <UniqueIdentifier>{0c089fd8-4906-4827-a468-873c847a6b66}</UniqueIdentifier>
    </Filter>
  </ItemGroup>
  <ItemGroup>
    <ClCompile Include="GameManager.cpp">
      <Filter>Source Files\Game</Filter>
    </ClCompile>
    <ClCompile Include="InteractiveManager.cpp">
      <Filter>Source Files\Game</Filter>
    </ClCompile>
    <ClCompile Include="Berry.cpp">
      <Filter>Source Files\Game\GameObjects\Items</Filter>
    </ClCompile>
    <ClCompile Include="Boomerang.cpp">
      <Filter>Source Files\Game\GameObjects\Items</Filter>
    </ClCompile>
    <ClCompile Include="Pokeball.cpp">
      <Filter>Source Files\Game\GameObjects\Items</Filter>
    </ClCompile>
    <ClCompile Include="NPC.cpp">
      <Filter>Source Files\Game\GameObjects\InteractiveObjects</Filter>
    </ClCompile>
    <ClCompile Include="Pokemon.cpp">
      <Filter>Source Files\Game\GameObjects\InteractiveObjects</Filter>
    </ClCompile>
    <ClCompile Include="PuzzleObject.cpp">
      <Filter>Source Files\Game\GameObjects\InteractiveObjects</Filter>
    </ClCompile>
    <ClCompile Include="Button.cpp">
      <Filter>Source Files\Game\GameObjects\Screens</Filter>
    </ClCompile>
    <ClCompile Include="main.cpp">
      <Filter>Source Files</Filter>
    </ClCompile>
    <ClCompile Include="CreditScreen.cpp">
      <Filter>Source Files\Game\GameObjects\Screens</Filter>
    </ClCompile>
    <ClCompile Include="GameOverScreen.cpp">
      <Filter>Source Files\Game\GameObjects\Screens</Filter>
    </ClCompile>
    <ClCompile Include="HelpScreen.cpp">
      <Filter>Source Files\Game\GameObjects\Screens</Filter>
    </ClCompile>
    <ClCompile Include="XMLFacade.cpp">
      <Filter>Source Files\XMLParser</Filter>
    </ClCompile>
    <ClCompile Include="XMLParser.cpp">
      <Filter>Source Files\XMLParser</Filter>
    </ClCompile>
    <ClCompile Include="XMLSceneParser.cpp">
      <Filter>Source Files\XMLParser</Filter>
    </ClCompile>
    <ClCompile Include="ParserData.cpp">
      <Filter>Source Files\XMLParser</Filter>
    </ClCompile>
    <ClCompile Include="MainMenu.cpp">
      <Filter>Source Files\Game\GameObjects\Screens</Filter>
    </ClCompile>
    <ClCompile Include="PauseScreen.cpp">
      <Filter>Source Files\Game\GameObjects\Screens</Filter>
    </ClCompile>
    <ClCompile Include="Screen.cpp">
      <Filter>Source Files\Game\GameObjects\Screens</Filter>
    </ClCompile>
    <ClCompile Include="HUD.cpp">
      <Filter>Source Files\Game\GameObjects</Filter>
    </ClCompile>
    <ClCompile Include="Tile.cpp">
      <Filter>Source Files\Game\GameObjects</Filter>
    </ClCompile>
    <ClCompile Include="DialoguePopup.cpp">
      <Filter>Source Files\Game\GameObjects</Filter>
    </ClCompile>
    <ClCompile Include="IEquipment.h">
      <Filter>Header Files\Game\GameObjects\Items</Filter>
    </ClCompile>
    <ClCompile Include="SceneLoader.cpp">
      <Filter>Source Files\Game</Filter>
    </ClCompile>
    <ClCompile Include="GameObjectBuilder.cpp">
      <Filter>Source Files\Game\GameObjects</Filter>
    </ClCompile>
    <ClCompile Include="DebugUtilities.cpp">
      <Filter>Source Files\Game</Filter>
    </ClCompile>
    <ClCompile Include="RunningShoes.cpp">
      <Filter>Source Files\Game\GameObjects\Items</Filter>
    </ClCompile>
    <ClCompile Include="Advertisement.cpp">
      <Filter>Source Files\Game\GameObjects\Screens</Filter>
    </ClCompile>
    <ClCompile Include="SceneModifier.cpp">
      <Filter>Source Files\Game</Filter>
    </ClCompile>
    <ClCompile Include="GameWinScreen.cpp">
      <Filter>Source Files\Game\GameObjects\Screens</Filter>
    </ClCompile>
    <ClCompile Include="PokemonParserData.cpp">
      <Filter>Source Files\XMLParser</Filter>
    </ClCompile>
    <ClCompile Include="AudioUtilities.cpp">
      <Filter>Source Files</Filter>
    </ClCompile>
    <ClCompile Include="LoadSaveScreen.cpp">
      <Filter>Source Files\Game\GameObjects\Screens</Filter>
    </ClCompile>
    <ClCompile Include="World.cpp">
      <Filter>Source Files\Game\GameObjects</Filter>
    </ClCompile>
    <ClCompile Include="MainMenuScene.cpp">
      <Filter>Source Files\Game\Scenes</Filter>
    </ClCompile>
    <ClCompile Include="Scene.cpp">
      <Filter>Source Files\Game\Creation</Filter>
    </ClCompile>
    <ClCompile Include="ThrowPokeball.cpp">
      <Filter>Source Files\Game\GameObjects\Items</Filter>
    </ClCompile>
    <ClCompile Include="IInteractiveObject.cpp">
      <Filter>Source Files\Game\GameObjects\InteractiveObjects</Filter>
    </ClCompile>
    <ClCompile Include="CreditScreenScene.cpp">
      <Filter>Source Files\Game\Scenes</Filter>
    </ClCompile>
    <ClCompile Include="PauseScreenScene.cpp">
      <Filter>Source Files\Game\Scenes</Filter>
    </ClCompile>
    <ClCompile Include="LoadSaveScreenScene.cpp">
      <Filter>Source Files\Game\Scenes</Filter>
    </ClCompile>
    <ClCompile Include="GameOverScreenScene.cpp">
      <Filter>Source Files\Game\Scenes</Filter>
    </ClCompile>
    <ClCompile Include="GameWinScreenScene.cpp">
      <Filter>Source Files\Game\Scenes</Filter>
    </ClCompile>
    <ClCompile Include="HelpScreenScene.cpp">
      <Filter>Source Files\Game\Scenes</Filter>
    </ClCompile>
    <ClCompile Include="Medal.cpp">
      <Filter>Source Files\Game\GameObjects\Items</Filter>
    </ClCompile>
    <ClCompile Include="NPCParserData.cpp">
      <Filter>Source Files\XMLParser</Filter>
    </ClCompile>
    <ClCompile Include="Player.cpp">
      <Filter>Source Files\Game\GameObjects\InteractiveObjects</Filter>
    </ClCompile>
    <ClCompile Include="DialoguePopupScene.cpp">
      <Filter>Source Files\Game\Scenes</Filter>
    </ClCompile>
    <ClCompile Include="LevelBuilder.cpp">
      <Filter>Source Files</Filter>
    </ClCompile>
    <ClCompile Include="LevelScene.cpp">
      <Filter>Source Files\Game\Scenes</Filter>
    </ClCompile>
    <ClCompile Include="EquipmentFactory.cpp">
      <Filter>Source Files\Game\Creation</Filter>
    </ClCompile>
    <ClCompile Include="HUDFactory.cpp">
      <Filter>Source Files\Game\Creation</Filter>
    </ClCompile>
    <ClCompile Include="NPCFactory.cpp">
      <Filter>Source Files\Game\Creation</Filter>
    </ClCompile>
    <ClCompile Include="PlayerFactory.cpp">
      <Filter>Source Files\Game\Creation</Filter>
    </ClCompile>
    <ClCompile Include="PokemonFactory.cpp">
      <Filter>Source Files\Game\Creation</Filter>
    </ClCompile>
    <ClCompile Include="HighScoreScreen.cpp">
      <Filter>Source Files\Game\GameObjects\Screens</Filter>
    </ClCompile>
    <ClCompile Include="HighScoreScreenScene.cpp">
      <Filter>Source Files\Game\Scenes</Filter>
    </ClCompile>
  </ItemGroup>
  <ItemGroup>
    <ClInclude Include="GameManager.h">
      <Filter>Header Files\Game</Filter>
    </ClInclude>
    <ClInclude Include="rapidxml_iterators.hpp">
      <Filter>Header Files\XMLParser</Filter>
    </ClInclude>
    <ClInclude Include="rapidxml_print.hpp">
      <Filter>Header Files\XMLParser</Filter>
    </ClInclude>
    <ClInclude Include="rapidxml_utils.hpp">
      <Filter>Header Files\XMLParser</Filter>
    </ClInclude>
    <ClInclude Include="rapidxml.hpp">
      <Filter>Header Files\XMLParser</Filter>
    </ClInclude>
    <ClInclude Include="XMLParser.h">
      <Filter>Header Files\XMLParser</Filter>
    </ClInclude>
    <ClInclude Include="XMLFacade.h">
      <Filter>Header Files\XMLParser</Filter>
    </ClInclude>
    <ClInclude Include="XMLSceneParser.h">
      <Filter>Header Files\XMLParser</Filter>
    </ClInclude>
    <ClInclude Include="InteractiveManager.h">
      <Filter>Header Files\Game</Filter>
    </ClInclude>
    <ClInclude Include="Tile.h">
      <Filter>Header Files\Game\GameObjects</Filter>
    </ClInclude>
    <ClInclude Include="HUD.h">
      <Filter>Header Files\Game\GameObjects</Filter>
    </ClInclude>
    <ClInclude Include="Creditscreen.h">
      <Filter>Header Files\Game\GameObjects\Screens</Filter>
    </ClInclude>
    <ClInclude Include="GameOverScreen.h">
      <Filter>Header Files\Game\GameObjects\Screens</Filter>
    </ClInclude>
    <ClInclude Include="HelpScreen.h">
      <Filter>Header Files\Game\GameObjects\Screens</Filter>
    </ClInclude>
    <ClInclude Include="PauseScreen.h">
      <Filter>Header Files\Game\GameObjects\Screens</Filter>
    </ClInclude>
    <ClInclude Include="Screen.h">
      <Filter>Header Files\Game\GameObjects\Screens</Filter>
    </ClInclude>
    <ClInclude Include="Berry.h">
      <Filter>Header Files\Game\GameObjects\Items</Filter>
    </ClInclude>
    <ClInclude Include="Boomerang.h">
      <Filter>Header Files\Game\GameObjects\Items</Filter>
    </ClInclude>
    <ClInclude Include="Pokeball.h">
      <Filter>Header Files\Game\GameObjects\Items</Filter>
    </ClInclude>
    <ClInclude Include="Pokemon.h">
      <Filter>Header Files\Game\GameObjects\InteractiveObjects</Filter>
    </ClInclude>
    <ClInclude Include="PuzzleObject.h">
      <Filter>Header Files\Game\GameObjects\InteractiveObjects</Filter>
    </ClInclude>
    <ClInclude Include="NPC.h">
      <Filter>Header Files\Game\GameObjects\InteractiveObjects</Filter>
    </ClInclude>
    <ClInclude Include="Button.h">
      <Filter>Header Files\Game\GameObjects\Screens</Filter>
    </ClInclude>
    <ClInclude Include="MainMenu.h">
      <Filter>Header Files\Game\GameObjects\Screens</Filter>
    </ClInclude>
    <ClInclude Include="DialoguePopup.h">
      <Filter>Header Files\Game\GameObjects</Filter>
    </ClInclude>
    <ClInclude Include="SceneLoader.h">
      <Filter>Header Files\Game</Filter>
    </ClInclude>
    <ClInclude Include="GameObjectBuilder.h">
      <Filter>Header Files\Game\GameObjects</Filter>
    </ClInclude>
    <ClInclude Include="DebugUtilities.h">
      <Filter>Header Files\Game</Filter>
    </ClInclude>
    <ClInclude Include="RunningShoes.h">
      <Filter>Header Files\Game\GameObjects\Items</Filter>
    </ClInclude>
    <ClInclude Include="ParserData.h">
      <Filter>Header Files\XMLParser</Filter>
    </ClInclude>
    <ClInclude Include="Advertisement.h">
      <Filter>Header Files\Game\GameObjects\Screens</Filter>
    </ClInclude>
    <ClInclude Include="SceneModifier.h">
      <Filter>Header Files\Game</Filter>
    </ClInclude>
    <ClInclude Include="GameWinScreen.h">
      <Filter>Header Files\Game\GameObjects\Screens</Filter>
    </ClInclude>
    <ClInclude Include="PokemonParserData.h">
      <Filter>Header Files\XMLParser</Filter>
    </ClInclude>
    <ClInclude Include="AudioUtilities.h">
      <Filter>Header Files</Filter>
    </ClInclude>
    <ClInclude Include="LoadSaveScreen.h">
      <Filter>Header Files\Game\GameObjects\Screens</Filter>
    </ClInclude>
    <ClInclude Include="World.h">
      <Filter>Header Files\Game\GameObjects</Filter>
    </ClInclude>
    <ClInclude Include="MainMenuScene.h">
      <Filter>Header Files\Game\Scenes</Filter>
    </ClInclude>
    <ClInclude Include="Scene.h">
      <Filter>Header Files\Game\Creation</Filter>
    </ClInclude>
    <ClInclude Include="ThrowPokeball.h">
      <Filter>Header Files\Game\GameObjects\Items</Filter>
    </ClInclude>
    <ClInclude Include="IInteractiveObject.h">
      <Filter>Header Files\Game\GameObjects\InteractiveObjects</Filter>
    </ClInclude>
    <ClInclude Include="CreditScreenScene.h">
      <Filter>Header Files\Game\Scenes</Filter>
    </ClInclude>
    <ClInclude Include="PauseScreenScene.h">
      <Filter>Header Files\Game\Scenes</Filter>
    </ClInclude>
    <ClInclude Include="GameOverScreenScene.h">
      <Filter>Header Files\Game\Scenes</Filter>
    </ClInclude>
    <ClInclude Include="GameWinScreenScene.h">
      <Filter>Header Files\Game\Scenes</Filter>
    </ClInclude>
    <ClInclude Include="HelpScreenScene.h">
      <Filter>Header Files\Game\Scenes</Filter>
    </ClInclude>
    <ClInclude Include="LoadSaveScreenScene.h">
      <Filter>Header Files\Game\Scenes</Filter>
    </ClInclude>
    <ClInclude Include="Medal.h">
      <Filter>Header Files\Game\GameObjects\Items</Filter>
    </ClInclude>
    <ClInclude Include="NPCParserData.h">
      <Filter>Header Files\XMLParser</Filter>
    </ClInclude>
    <ClInclude Include="Player.h">
      <Filter>Header Files\Game\GameObjects\InteractiveObjects</Filter>
    </ClInclude>
    <ClInclude Include="DialoguePopupScene.h">
      <Filter>Header Files\Game\Scenes</Filter>
    </ClInclude>
    <ClInclude Include="LevelBuilder.h">
      <Filter>Header Files</Filter>
    </ClInclude>
    <ClInclude Include="LevelScene.h">
      <Filter>Header Files\Game\Scenes</Filter>
    </ClInclude>
    <ClInclude Include="GameObjectFactory.h">
      <Filter>Header Files\Game\Creation</Filter>
    </ClInclude>
    <ClInclude Include="EquipmentFactory.h">
      <Filter>Header Files\Game\Creation</Filter>
    </ClInclude>
    <ClInclude Include="HUDFactory.h">
      <Filter>Header Files\Game\Creation</Filter>
    </ClInclude>
    <ClInclude Include="NPCFactory.h">
      <Filter>Header Files\Game\Creation</Filter>
    </ClInclude>
    <ClInclude Include="PlayerFactory.h">
      <Filter>Header Files\Game\Creation</Filter>
    </ClInclude>
    <ClInclude Include="PokemonFactory.h">
      <Filter>Header Files\Game\Creation</Filter>
    </ClInclude>
    <ClInclude Include="HighScoreScreen.h">
      <Filter>Header Files\Game\GameObjects\Screens</Filter>
    </ClInclude>
    <ClInclude Include="HighScoreScreenScene.h">
      <Filter>Header Files\Game\Scenes</Filter>
    </ClInclude>
  </ItemGroup>
</Project>