<?xml version="1.0" encoding="utf-8"?>
<Project ToolsVersion="4.0" xmlns="http://schemas.microsoft.com/developer/msbuild/2003">
  <ItemGroup>
    <Filter Include="Source Files">
      <UniqueIdentifier>{4FC737F1-C7A5-4376-A066-2A32D752A2FF}</UniqueIdentifier>
      <Extensions>cpp;c;cc;cxx;c++;cppm;ixx;def;odl;idl;hpj;bat;asm;asmx</Extensions>
    </Filter>
    <Filter Include="Header Files">
      <UniqueIdentifier>{93995380-89BD-4b04-88EB-625FBE52EBFB}</UniqueIdentifier>
      <Extensions>h;hh;hpp;hxx;h++;hm;inl;inc;ipp;xsd</Extensions>
    </Filter>
    <Filter Include="Resource Files">
      <UniqueIdentifier>{67DA6AB6-F800-4c08-8B7A-83BB121AAD01}</UniqueIdentifier>
      <Extensions>rc;ico;cur;bmp;dlg;rc2;rct;bin;rgs;gif;jpg;jpeg;jpe;resx;tiff;tif;png;wav;mfcribbon-ms</Extensions>
    </Filter>
    <Filter Include="Source Files\Game">
      <UniqueIdentifier>{01116007-150a-42f8-9c02-3873326f1d93}</UniqueIdentifier>
    </Filter>
    <Filter Include="Source Files\Game\GameObjects">
      <UniqueIdentifier>{0628fd96-7a8b-4de0-acad-837f432d61e8}</UniqueIdentifier>
    </Filter>
    <Filter Include="Header Files\Game">
      <UniqueIdentifier>{44028ed2-788f-4749-838d-ea23208d09ed}</UniqueIdentifier>
    </Filter>
    <Filter Include="Header Files\Game\GameObjects">
      <UniqueIdentifier>{4db92c09-ace7-4405-a750-2d1388819e45}</UniqueIdentifier>
    </Filter>
    <Filter Include="Header Files\Game\GameObjects\Screens">
      <UniqueIdentifier>{3b5689c4-1556-41a0-8bf5-965b1f7a5c0f}</UniqueIdentifier>
    </Filter>
    <Filter Include="Header Files\Game\GameObjects\Items">
      <UniqueIdentifier>{6ab8192c-a579-4f62-91bf-79ef1766d208}</UniqueIdentifier>
    </Filter>
    <Filter Include="Header Files\Game\GameObjects\InteractiveObjects">
      <UniqueIdentifier>{b14eed82-6583-4a8f-98e2-d62df639b6f1}</UniqueIdentifier>
    </Filter>
    <Filter Include="Source Files\Game\GameObjects\Items">
      <UniqueIdentifier>{71478629-33f4-472f-a4e8-645de4090b88}</UniqueIdentifier>
    </Filter>
    <Filter Include="Source Files\Game\GameObjects\InteractiveObjects">
      <UniqueIdentifier>{350a4325-2c80-4e7f-a257-0579c1dc358c}</UniqueIdentifier>
    </Filter>
    <Filter Include="Source Files\Game\GameObjects\Screens">
      <UniqueIdentifier>{bce5fe94-55bc-467c-8baa-5265728efc7b}</UniqueIdentifier>
    </Filter>
    <Filter Include="Source Files\SDL">
      <UniqueIdentifier>{06c380c4-5411-4021-96f5-e3cf304d9850}</UniqueIdentifier>
    </Filter>
    <Filter Include="Source Files\Engine">
      <UniqueIdentifier>{35916ea9-2ae9-4ea1-b62d-94c070c51a2e}</UniqueIdentifier>
    </Filter>
    <Filter Include="Header Files\SDL">
      <UniqueIdentifier>{46f7d1dd-6f8b-4c9e-bfd7-5fdd3e5c90ec}</UniqueIdentifier>
    </Filter>
    <Filter Include="Header Files\Engine">
      <UniqueIdentifier>{0e98bf13-a4d9-4346-92e3-8c7dba9d5bcf}</UniqueIdentifier>
    </Filter>
    <Filter Include="Header Files\Engine\Input">
      <UniqueIdentifier>{31479452-c0e8-46be-b33a-46975b643728}</UniqueIdentifier>
    </Filter>
    <Filter Include="Source Files\Engine\input">
      <UniqueIdentifier>{540a8c5b-d7a8-49df-97e9-c24a5cc4e3ca}</UniqueIdentifier>
    </Filter>
    <Filter Include="Header Files\SDL\Input">
      <UniqueIdentifier>{2fafb478-7993-4f0f-a4f5-31bf7151bdbb}</UniqueIdentifier>
    </Filter>
    <Filter Include="Source Files\SDL\Input">
      <UniqueIdentifier>{d788796d-e34c-45e5-aed6-24c38e4a0123}</UniqueIdentifier>
    </Filter>
    <Filter Include="Source Files\Engine\JSON11">
      <UniqueIdentifier>{177d854d-003d-4399-ba85-08a8aba4f76e}</UniqueIdentifier>
    </Filter>
    <Filter Include="Header Files\Engine\JSON11">
      <UniqueIdentifier>{9ccfb478-9f35-4d96-849d-c877a0f982f1}</UniqueIdentifier>
    </Filter>
  </ItemGroup>
  <ItemGroup>
    <ClCompile Include="GameManager.cpp">
      <Filter>Source Files\Game</Filter>
    </ClCompile>
    <ClCompile Include="UIManager.cpp">
      <Filter>Source Files\Game</Filter>
    </ClCompile>
    <ClCompile Include="EquipmentManager.cpp">
      <Filter>Source Files\Game</Filter>
    </ClCompile>
    <ClCompile Include="InteractiveManager.cpp">
      <Filter>Source Files\Game</Filter>
    </ClCompile>
    <ClCompile Include="TileMap.cpp">
      <Filter>Source Files\Game</Filter>
    </ClCompile>
    <ClCompile Include="Berry.cpp">
      <Filter>Source Files\Game\GameObjects\Items</Filter>
    </ClCompile>
    <ClCompile Include="Boomerang.cpp">
      <Filter>Source Files\Game\GameObjects\Items</Filter>
    </ClCompile>
    <ClCompile Include="Equipment.cpp">
      <Filter>Source Files\Game\GameObjects\Items</Filter>
    </ClCompile>
    <ClCompile Include="HealingItem.cpp">
      <Filter>Source Files\Game\GameObjects\Items</Filter>
    </ClCompile>
    <ClCompile Include="Pokeball.cpp">
      <Filter>Source Files\Game\GameObjects\Items</Filter>
    </ClCompile>
    <ClCompile Include="Runningshoes.cpp">
      <Filter>Source Files\Game\GameObjects\Items</Filter>
    </ClCompile>
    <ClCompile Include="InteractiveObject.cpp">
      <Filter>Source Files\Game\GameObjects\InteractiveObjects</Filter>
    </ClCompile>
    <ClCompile Include="NPC.cpp">
      <Filter>Source Files\Game\GameObjects\InteractiveObjects</Filter>
    </ClCompile>
    <ClCompile Include="Pokemon.cpp">
      <Filter>Source Files\Game\GameObjects\InteractiveObjects</Filter>
    </ClCompile>
    <ClCompile Include="PuzzleObject.cpp">
      <Filter>Source Files\Game\GameObjects\InteractiveObjects</Filter>
    </ClCompile>
    <ClCompile Include="Button.cpp">
      <Filter>Source Files\Game\GameObjects\Screens</Filter>
    </ClCompile>
    <ClCompile Include="CreditScreen.cpp">
      <Filter>Source Files\Game\GameObjects\Screens</Filter>
    </ClCompile>
    <ClCompile Include="GameOverScreen.cpp">
      <Filter>Source Files\Game\GameObjects\Screens</Filter>
    </ClCompile>
    <ClCompile Include="HelpScreen.cpp">
      <Filter>Source Files\Game\GameObjects\Screens</Filter>
    </ClCompile>
    <ClCompile Include="MainMenu.cpp">
      <Filter>Source Files\Game\GameObjects\Screens</Filter>
    </ClCompile>
    <ClCompile Include="PauseScreen.cpp">
      <Filter>Source Files\Game\GameObjects\Screens</Filter>
    </ClCompile>
    <ClCompile Include="Screen.cpp">
      <Filter>Source Files\Game\GameObjects\Screens</Filter>
    </ClCompile>
    <ClCompile Include="HUD.cpp">
      <Filter>Source Files\Game\GameObjects</Filter>
    </ClCompile>
    <ClCompile Include="Player.cpp">
      <Filter>Source Files\Game\GameObjects</Filter>
    </ClCompile>
    <ClCompile Include="Tile.cpp">
      <Filter>Source Files\Game\GameObjects</Filter>
    </ClCompile>
    <ClCompile Include="Vector2D.cpp">
      <Filter>Source Files\Engine</Filter>
    </ClCompile>
    <ClCompile Include="DrawController.cpp">
      <Filter>Source Files\SDL</Filter>
    </ClCompile>
    <ClCompile Include="AudioWrapper.cpp">
      <Filter>Source Files\SDL</Filter>
    </ClCompile>
    <ClCompile Include="Rectangle.cpp">
      <Filter>Source Files\SDL</Filter>
    </ClCompile>
    <ClCompile Include="Renderer.cpp">
      <Filter>Source Files\SDL</Filter>
    </ClCompile>
    <ClCompile Include="FrameManager.cpp">
      <Filter>Source Files\SDL</Filter>
    </ClCompile>
    <ClCompile Include="Transform.cpp">
      <Filter>Source Files\Engine</Filter>
    </ClCompile>
    <ClCompile Include="Scene.cpp">
      <Filter>Source Files\Engine</Filter>
    </ClCompile>
    <ClCompile Include="main.cpp">
      <Filter>Source Files\Engine</Filter>
    </ClCompile>
    <ClCompile Include="TextureManager.cpp">
      <Filter>Source Files\Engine</Filter>
    </ClCompile>
    <ClCompile Include="Sound.cpp">
      <Filter>Source Files\Engine</Filter>
    </ClCompile>
    <ClCompile Include="SceneManager.cpp">
      <Filter>Source Files\Engine</Filter>
    </ClCompile>
    <ClCompile Include="JSONSceneParser.cpp">
      <Filter>Source Files\Engine</Filter>
    </ClCompile>
    <ClCompile Include="HUDComponent.cpp">
      <Filter>Source Files\Engine</Filter>
    </ClCompile>
    <ClCompile Include="GraphicsComponent.cpp">
      <Filter>Source Files\Engine</Filter>
    </ClCompile>
    <ClCompile Include="GameObject.cpp">
      <Filter>Source Files\Engine</Filter>
    </ClCompile>
    <ClCompile Include="EngineController.cpp">
      <Filter>Source Files\Engine</Filter>
    </ClCompile>
    <ClCompile Include="ColliderComponent.cpp">
      <Filter>Source Files\Engine</Filter>
    </ClCompile>
    <ClCompile Include="DialoguePopup.cpp">
      <Filter>Source Files\Game\GameObjects</Filter>
    </ClCompile>
    <ClCompile Include="Input.cpp">
      <Filter>Source Files\Engine\input</Filter>
    </ClCompile>
    <ClCompile Include="InputWrapper.cpp">
      <Filter>Source Files\SDL\Input</Filter>
    </ClCompile>
    <ClCompile Include="InputFacade.cpp">
      <Filter>Source Files\SDL\Input</Filter>
    </ClCompile>
    <ClCompile Include="RenderFacade.cpp">
      <Filter>Source Files\SDL</Filter>
    </ClCompile>
    <ClCompile Include="BehaviourObject.cpp">
      <Filter>Source Files\Engine</Filter>
    </ClCompile>
    <ClCompile Include="AssetManager.cpp">
      <Filter>Source Files\Engine</Filter>
    </ClCompile>
    <ClCompile Include="InputWrapper.cpp">
      <Filter>Source Files\SDL\Input</Filter>
    </ClCompile>
    <ClCompile Include="json11.cpp">
      <Filter>Source Files\Engine\JSON11</Filter>
    </ClCompile>
  </ItemGroup>
  <ItemGroup>
    <ClInclude Include="GameManager.h">
      <Filter>Header Files\Game</Filter>
    </ClInclude>
    <ClInclude Include="UIManager.h">
      <Filter>Header Files\Game</Filter>
    </ClInclude>
    <ClInclude Include="EquipmentManager.h">
      <Filter>Header Files\Game</Filter>
    </ClInclude>
    <ClInclude Include="InteractiveManager.h">
      <Filter>Header Files\Game</Filter>
    </ClInclude>
    <ClInclude Include="TileMap.h">
      <Filter>Header Files\Game</Filter>
    </ClInclude>
    <ClInclude Include="Tile.h">
      <Filter>Header Files\Game\GameObjects</Filter>
    </ClInclude>
    <ClInclude Include="Player.h">
      <Filter>Header Files\Game\GameObjects</Filter>
    </ClInclude>
    <ClInclude Include="HUD.h">
      <Filter>Header Files\Game\GameObjects</Filter>
    </ClInclude>
    <ClInclude Include="Creditscreen.h">
      <Filter>Header Files\Game\GameObjects\Screens</Filter>
    </ClInclude>
    <ClInclude Include="GameOverScreen.h">
      <Filter>Header Files\Game\GameObjects\Screens</Filter>
    </ClInclude>
    <ClInclude Include="HelpScreen.h">
      <Filter>Header Files\Game\GameObjects\Screens</Filter>
    </ClInclude>
    <ClInclude Include="PauseScreen.h">
      <Filter>Header Files\Game\GameObjects\Screens</Filter>
    </ClInclude>
    <ClInclude Include="Screen.h">
      <Filter>Header Files\Game\GameObjects\Screens</Filter>
    </ClInclude>
    <ClInclude Include="Berry.h">
      <Filter>Header Files\Game\GameObjects\Items</Filter>
    </ClInclude>
    <ClInclude Include="Boomerang.h">
      <Filter>Header Files\Game\GameObjects\Items</Filter>
    </ClInclude>
    <ClInclude Include="HealingItem.h">
      <Filter>Header Files\Game\GameObjects\Items</Filter>
    </ClInclude>
    <ClInclude Include="Pokeball.h">
      <Filter>Header Files\Game\GameObjects\Items</Filter>
    </ClInclude>
    <ClInclude Include="Runningshoes.h">
      <Filter>Header Files\Game\GameObjects\Items</Filter>
    </ClInclude>
    <ClInclude Include="Equipment.h">
      <Filter>Header Files\Game\GameObjects\Items</Filter>
    </ClInclude>
    <ClInclude Include="InteractiveObject.h">
      <Filter>Header Files\Game\GameObjects\InteractiveObjects</Filter>
    </ClInclude>
    <ClInclude Include="Pokemon.h">
      <Filter>Header Files\Game\GameObjects\InteractiveObjects</Filter>
    </ClInclude>
    <ClInclude Include="PuzzleObject.h">
      <Filter>Header Files\Game\GameObjects\InteractiveObjects</Filter>
    </ClInclude>
    <ClInclude Include="NPC.h">
      <Filter>Header Files\Game\GameObjects\InteractiveObjects</Filter>
    </ClInclude>
    <ClInclude Include="Button.h">
      <Filter>Header Files\Game\GameObjects\Screens</Filter>
    </ClInclude>
    <ClInclude Include="MainMenu.h">
      <Filter>Header Files\Game\GameObjects\Screens</Filter>
    </ClInclude>
    <ClInclude Include="Vector2D.h">
      <Filter>Header Files\Engine</Filter>
    </ClInclude>
    <ClInclude Include="DrawController.h">
      <Filter>Header Files\SDL</Filter>
    </ClInclude>
    <ClInclude Include="Rectangle.h">
      <Filter>Header Files\SDL</Filter>
    </ClInclude>
    <ClInclude Include="Renderer.h">
      <Filter>Header Files\SDL</Filter>
    </ClInclude>
    <ClInclude Include="AudioWrapper.h">
      <Filter>Header Files\SDL</Filter>
    </ClInclude>
    <ClInclude Include="FrameManager.h">
      <Filter>Header Files\SDL</Filter>
    </ClInclude>
    <ClInclude Include="EngineController.h">
      <Filter>Header Files\Engine</Filter>
    </ClInclude>
    <ClInclude Include="SceneManager.h">
      <Filter>Header Files\Engine</Filter>
    </ClInclude>
    <ClInclude Include="SceneParser.h">
      <Filter>Header Files\Engine</Filter>
    </ClInclude>
    <ClInclude Include="JSONSceneParser.h">
      <Filter>Header Files\Engine</Filter>
    </ClInclude>
    <ClInclude Include="Scene.h">
      <Filter>Header Files\Engine</Filter>
    </ClInclude>
    <ClInclude Include="ColliderComponent.h">
      <Filter>Header Files\Engine</Filter>
    </ClInclude>
    <ClInclude Include="GameObject.h">
      <Filter>Header Files\Engine</Filter>
    </ClInclude>
    <ClInclude Include="GraphicsComponent.h">
      <Filter>Header Files\Engine</Filter>
    </ClInclude>
    <ClInclude Include="BehaviourObject.h">
      <Filter>Header Files\Engine</Filter>
    </ClInclude>
    <ClInclude Include="Transform.h">
      <Filter>Header Files\Engine</Filter>
    </ClInclude>
    <ClInclude Include="HUDComponent.h">
      <Filter>Header Files\Engine</Filter>
    </ClInclude>
    <ClInclude Include="TextureManager.h">
      <Filter>Header Files\Engine</Filter>
    </ClInclude>
    <ClInclude Include="Sound.h">
      <Filter>Header Files\Engine</Filter>
    </ClInclude>
    <ClInclude Include="DialoguePopup.h">
      <Filter>Header Files\Game\GameObjects</Filter>
    </ClInclude>
    <ClInclude Include="Input.h">
      <Filter>Header Files\Engine\Input</Filter>
    </ClInclude>
    <ClInclude Include="InputWrapper.h">
      <Filter>Header Files\SDL\Input</Filter>
    </ClInclude>
    <ClInclude Include="Keycodes.h">
      <Filter>Header Files\Engine\Input</Filter>
    </ClInclude>
    <ClInclude Include="InputFacade.h">
      <Filter>Header Files\SDL\Input</Filter>
    </ClInclude>
    <ClInclude Include="IInputFacade.h">
      <Filter>Header Files\SDL\Input</Filter>
    </ClInclude>
    <ClInclude Include="RenderFacade.h">
      <Filter>Header Files\SDL</Filter>
    </ClInclude>
    <ClInclude Include="AssetManager.h">
      <Filter>Header Files\Engine</Filter>
    </ClInclude>
    <ClInclude Include="InputWrapper.h">
      <Filter>Header Files\SDL\Input</Filter>
    </ClInclude>
    <ClInclude Include="Keyboardevent.h">
      <Filter>Header Files\Engine\Input</Filter>
    </ClInclude>
    <ClInclude Include="json11.hpp">
      <Filter>Header Files\Engine\JSON11</Filter>
    </ClInclude>
  </ItemGroup>
</Project>